// !$*UTF8*$!
{
	archiveVersion = 1;
	classes = {
	};
	objectVersion = 51;
	objects = {

/* Begin PBXBuildFile section */
		3252ECD82718400600917538 /* AppDelegate.swift in Sources */ = {isa = PBXBuildFile; fileRef = 3252ECD72718400600917538 /* AppDelegate.swift */; };
		3252ECDA2718400600917538 /* SceneDelegate.swift in Sources */ = {isa = PBXBuildFile; fileRef = 3252ECD92718400600917538 /* SceneDelegate.swift */; };
		3252ECDF2718400600917538 /* Main.storyboard in Resources */ = {isa = PBXBuildFile; fileRef = 3252ECDD2718400600917538 /* Main.storyboard */; };
		3252ECE12718400700917538 /* Assets.xcassets in Resources */ = {isa = PBXBuildFile; fileRef = 3252ECE02718400700917538 /* Assets.xcassets */; };
		3252ECE42718400700917538 /* LaunchScreen.storyboard in Resources */ = {isa = PBXBuildFile; fileRef = 3252ECE22718400700917538 /* LaunchScreen.storyboard */; };
		3252ECEF271844B700917538 /* WelcomeViewController.swift in Sources */ = {isa = PBXBuildFile; fileRef = 3252ECEE271844B700917538 /* WelcomeViewController.swift */; };
		3252ECF12718456F00917538 /* RegisterViewController.swift in Sources */ = {isa = PBXBuildFile; fileRef = 3252ECF02718456F00917538 /* RegisterViewController.swift */; };
		3252ECF32718457C00917538 /* LoginViewController.swift in Sources */ = {isa = PBXBuildFile; fileRef = 3252ECF22718457C00917538 /* LoginViewController.swift */; };
		3252ECF52718458B00917538 /* ChatViewController.swift in Sources */ = {isa = PBXBuildFile; fileRef = 3252ECF42718458B00917538 /* ChatViewController.swift */; };
		327E475027190855001195BD /* MessageModel.swift in Sources */ = {isa = PBXBuildFile; fileRef = 327E474F27190855001195BD /* MessageModel.swift */; };
		327E475327191DB7001195BD /* MessageCell.swift in Sources */ = {isa = PBXBuildFile; fileRef = 327E475127191DB7001195BD /* MessageCell.swift */; };
		327E475427191DB7001195BD /* MessageCell.xib in Resources */ = {isa = PBXBuildFile; fileRef = 327E475227191DB7001195BD /* MessageCell.xib */; };
		32B1A0F2271889A700B21714 /* GoogleService-Info.plist in Resources */ = {isa = PBXBuildFile; fileRef = 32B1A0F1271889A700B21714 /* GoogleService-Info.plist */; };
		32B1A0F42718983400B21714 /* K.swift in Sources */ = {isa = PBXBuildFile; fileRef = 32B1A0F32718983400B21714 /* K.swift */; };
		5937B42D0B632BC4A46CC6D9 /* Pods_Flash_Chart.framework in Frameworks */ = {isa = PBXBuildFile; fileRef = 2DA2535252F835378545616E /* Pods_Flash_Chart.framework */; };
/* End PBXBuildFile section */

/* Begin PBXFileReference section */
		2DA2535252F835378545616E /* Pods_Flash_Chart.framework */ = {isa = PBXFileReference; explicitFileType = wrapper.framework; includeInIndex = 0; path = Pods_Flash_Chart.framework; sourceTree = BUILT_PRODUCTS_DIR; };
		3252ECD42718400600917538 /* Flash Chart.app */ = {isa = PBXFileReference; explicitFileType = wrapper.application; includeInIndex = 0; path = "Flash Chart.app"; sourceTree = BUILT_PRODUCTS_DIR; };
		3252ECD72718400600917538 /* AppDelegate.swift */ = {isa = PBXFileReference; lastKnownFileType = sourcecode.swift; path = AppDelegate.swift; sourceTree = "<group>"; };
		3252ECD92718400600917538 /* SceneDelegate.swift */ = {isa = PBXFileReference; lastKnownFileType = sourcecode.swift; path = SceneDelegate.swift; sourceTree = "<group>"; };
		3252ECDE2718400600917538 /* Base */ = {isa = PBXFileReference; lastKnownFileType = file.storyboard; name = Base; path = Base.lproj/Main.storyboard; sourceTree = "<group>"; };
		3252ECE02718400700917538 /* Assets.xcassets */ = {isa = PBXFileReference; lastKnownFileType = folder.assetcatalog; path = Assets.xcassets; sourceTree = "<group>"; };
		3252ECE32718400700917538 /* Base */ = {isa = PBXFileReference; lastKnownFileType = file.storyboard; name = Base; path = Base.lproj/LaunchScreen.storyboard; sourceTree = "<group>"; };
		3252ECE52718400700917538 /* Info.plist */ = {isa = PBXFileReference; lastKnownFileType = text.plist.xml; path = Info.plist; sourceTree = "<group>"; };
		3252ECEE271844B700917538 /* WelcomeViewController.swift */ = {isa = PBXFileReference; lastKnownFileType = sourcecode.swift; path = WelcomeViewController.swift; sourceTree = "<group>"; };
		3252ECF02718456F00917538 /* RegisterViewController.swift */ = {isa = PBXFileReference; lastKnownFileType = sourcecode.swift; path = RegisterViewController.swift; sourceTree = "<group>"; };
		3252ECF22718457C00917538 /* LoginViewController.swift */ = {isa = PBXFileReference; lastKnownFileType = sourcecode.swift; path = LoginViewController.swift; sourceTree = "<group>"; };
		3252ECF42718458B00917538 /* ChatViewController.swift */ = {isa = PBXFileReference; lastKnownFileType = sourcecode.swift; path = ChatViewController.swift; sourceTree = "<group>"; };
		327E474F27190855001195BD /* MessageModel.swift */ = {isa = PBXFileReference; lastKnownFileType = sourcecode.swift; path = MessageModel.swift; sourceTree = "<group>"; };
		327E475127191DB7001195BD /* MessageCell.swift */ = {isa = PBXFileReference; lastKnownFileType = sourcecode.swift; path = MessageCell.swift; sourceTree = "<group>"; };
		327E475227191DB7001195BD /* MessageCell.xib */ = {isa = PBXFileReference; lastKnownFileType = file.xib; path = MessageCell.xib; sourceTree = "<group>"; };
		32B1A0F1271889A700B21714 /* GoogleService-Info.plist */ = {isa = PBXFileReference; fileEncoding = 4; lastKnownFileType = text.plist.xml; path = "GoogleService-Info.plist"; sourceTree = "<group>"; };
		32B1A0F32718983400B21714 /* K.swift */ = {isa = PBXFileReference; lastKnownFileType = sourcecode.swift; path = K.swift; sourceTree = "<group>"; };
		747BE171FC6498AAD105CB22 /* Pods-Flash Chart.debug.xcconfig */ = {isa = PBXFileReference; includeInIndex = 1; lastKnownFileType = text.xcconfig; name = "Pods-Flash Chart.debug.xcconfig"; path = "Target Support Files/Pods-Flash Chart/Pods-Flash Chart.debug.xcconfig"; sourceTree = "<group>"; };
		86631140FE7A20926259DD8B /* Pods-Flash Chart.release.xcconfig */ = {isa = PBXFileReference; includeInIndex = 1; lastKnownFileType = text.xcconfig; name = "Pods-Flash Chart.release.xcconfig"; path = "Target Support Files/Pods-Flash Chart/Pods-Flash Chart.release.xcconfig"; sourceTree = "<group>"; };
/* End PBXFileReference section */

/* Begin PBXFrameworksBuildPhase section */
		3252ECD12718400600917538 /* Frameworks */ = {
			isa = PBXFrameworksBuildPhase;
			buildActionMask = 2147483647;
			files = (
				5937B42D0B632BC4A46CC6D9 /* Pods_Flash_Chart.framework in Frameworks */,
			);
			runOnlyForDeploymentPostprocessing = 0;
		};
/* End PBXFrameworksBuildPhase section */

/* Begin PBXGroup section */
		3252ECCB2718400600917538 = {
			isa = PBXGroup;
			children = (
				3252ECD62718400600917538 /* Flash Chart */,
				3252ECD52718400600917538 /* Products */,
				7628CDAEF0E79FEC4FBCD6E1 /* Pods */,
				B1ADD077BC03D085812C47D8 /* Frameworks */,
			);
			sourceTree = "<group>";
		};
		3252ECD52718400600917538 /* Products */ = {
			isa = PBXGroup;
			children = (
				3252ECD42718400600917538 /* Flash Chart.app */,
			);
			name = Products;
			sourceTree = "<group>";
		};
		3252ECD62718400600917538 /* Flash Chart */ = {
			isa = PBXGroup;
			children = (
				3252ECED2718411100917538 /* Models */,
				3252ECEC2718410A00917538 /* Views */,
				3252ECEB271840F900917538 /* Controllers */,
				3252ECD72718400600917538 /* AppDelegate.swift */,
				3252ECD92718400600917538 /* SceneDelegate.swift */,
				3252ECE02718400700917538 /* Assets.xcassets */,
				3252ECE22718400700917538 /* LaunchScreen.storyboard */,
				3252ECE52718400700917538 /* Info.plist */,
				32B1A0F1271889A700B21714 /* GoogleService-Info.plist */,
				32B1A0F32718983400B21714 /* K.swift */,
			);
			path = "Flash Chart";
			sourceTree = "<group>";
		};
		3252ECEB271840F900917538 /* Controllers */ = {
			isa = PBXGroup;
			children = (
				3252ECEE271844B700917538 /* WelcomeViewController.swift */,
				3252ECF02718456F00917538 /* RegisterViewController.swift */,
				3252ECF22718457C00917538 /* LoginViewController.swift */,
				3252ECF42718458B00917538 /* ChatViewController.swift */,
			);
			path = Controllers;
			sourceTree = "<group>";
		};
		3252ECEC2718410A00917538 /* Views */ = {
			isa = PBXGroup;
			children = (
				3252ECDD2718400600917538 /* Main.storyboard */,
				327E475127191DB7001195BD /* MessageCell.swift */,
				327E475227191DB7001195BD /* MessageCell.xib */,
			);
			path = Views;
			sourceTree = "<group>";
		};
		3252ECED2718411100917538 /* Models */ = {
			isa = PBXGroup;
			children = (
				327E474F27190855001195BD /* MessageModel.swift */,
			);
			path = Models;
			sourceTree = "<group>";
		};
		7628CDAEF0E79FEC4FBCD6E1 /* Pods */ = {
			isa = PBXGroup;
			children = (
				747BE171FC6498AAD105CB22 /* Pods-Flash Chart.debug.xcconfig */,
				86631140FE7A20926259DD8B /* Pods-Flash Chart.release.xcconfig */,
			);
			path = Pods;
			sourceTree = "<group>";
		};
		B1ADD077BC03D085812C47D8 /* Frameworks */ = {
			isa = PBXGroup;
			children = (
				2DA2535252F835378545616E /* Pods_Flash_Chart.framework */,
			);
			name = Frameworks;
			sourceTree = "<group>";
		};
/* End PBXGroup section */

/* Begin PBXNativeTarget section */
		3252ECD32718400600917538 /* Flash Chart */ = {
			isa = PBXNativeTarget;
			buildConfigurationList = 3252ECE82718400700917538 /* Build configuration list for PBXNativeTarget "Flash Chart" */;
			buildPhases = (
				077CEF579AF66B505E05990E /* [CP] Check Pods Manifest.lock */,
				3252ECD02718400600917538 /* Sources */,
				3252ECD12718400600917538 /* Frameworks */,
				3252ECD22718400600917538 /* Resources */,
				173D3C8252C14C69FF85BA2A /* [CP] Embed Pods Frameworks */,
			);
			buildRules = (
			);
			dependencies = (
			);
			name = "Flash Chart";
			productName = "Flash Chart";
			productReference = 3252ECD42718400600917538 /* Flash Chart.app */;
			productType = "com.apple.product-type.application";
		};
/* End PBXNativeTarget section */

/* Begin PBXProject section */
		3252ECCC2718400600917538 /* Project object */ = {
			isa = PBXProject;
			attributes = {
				LastSwiftUpdateCheck = 1250;
				LastUpgradeCheck = 1250;
				TargetAttributes = {
					3252ECD32718400600917538 = {
						CreatedOnToolsVersion = 12.5;
					};
				};
			};
			buildConfigurationList = 3252ECCF2718400600917538 /* Build configuration list for PBXProject "Flash Chart" */;
			compatibilityVersion = "Xcode 9.3";
			developmentRegion = en;
			hasScannedForEncodings = 0;
			knownRegions = (
				en,
				Base,
			);
			mainGroup = 3252ECCB2718400600917538;
			productRefGroup = 3252ECD52718400600917538 /* Products */;
			projectDirPath = "";
			projectRoot = "";
			targets = (
				3252ECD32718400600917538 /* Flash Chart */,
			);
		};
/* End PBXProject section */

/* Begin PBXResourcesBuildPhase section */
		3252ECD22718400600917538 /* Resources */ = {
			isa = PBXResourcesBuildPhase;
			buildActionMask = 2147483647;
			files = (
				327E475427191DB7001195BD /* MessageCell.xib in Resources */,
				3252ECE42718400700917538 /* LaunchScreen.storyboard in Resources */,
				32B1A0F2271889A700B21714 /* GoogleService-Info.plist in Resources */,
				3252ECE12718400700917538 /* Assets.xcassets in Resources */,
				3252ECDF2718400600917538 /* Main.storyboard in Resources */,
			);
			runOnlyForDeploymentPostprocessing = 0;
		};
/* End PBXResourcesBuildPhase section */

/* Begin PBXShellScriptBuildPhase section */
		077CEF579AF66B505E05990E /* [CP] Check Pods Manifest.lock */ = {
			isa = PBXShellScriptBuildPhase;
			buildActionMask = 2147483647;
			files = (
			);
			inputFileListPaths = (
			);
			inputPaths = (
				"${PODS_PODFILE_DIR_PATH}/Podfile.lock",
				"${PODS_ROOT}/Manifest.lock",
			);
			name = "[CP] Check Pods Manifest.lock";
			outputFileListPaths = (
			);
			outputPaths = (
				"$(DERIVED_FILE_DIR)/Pods-Flash Chart-checkManifestLockResult.txt",
			);
			runOnlyForDeploymentPostprocessing = 0;
			shellPath = /bin/sh;
			shellScript = "diff \"${PODS_PODFILE_DIR_PATH}/Podfile.lock\" \"${PODS_ROOT}/Manifest.lock\" > /dev/null\nif [ $? != 0 ] ; then\n    # print error to STDERR\n    echo \"error: The sandbox is not in sync with the Podfile.lock. Run 'pod install' or update your CocoaPods installation.\" >&2\n    exit 1\nfi\n# This output is used by Xcode 'outputs' to avoid re-running this script phase.\necho \"SUCCESS\" > \"${SCRIPT_OUTPUT_FILE_0}\"\n";
			showEnvVarsInLog = 0;
		};
		173D3C8252C14C69FF85BA2A /* [CP] Embed Pods Frameworks */ = {
			isa = PBXShellScriptBuildPhase;
			buildActionMask = 2147483647;
			files = (
			);
			inputFileListPaths = (
				"${PODS_ROOT}/Target Support Files/Pods-Flash Chart/Pods-Flash Chart-frameworks-${CONFIGURATION}-input-files.xcfilelist",
			);
			name = "[CP] Embed Pods Frameworks";
			outputFileListPaths = (
				"${PODS_ROOT}/Target Support Files/Pods-Flash Chart/Pods-Flash Chart-frameworks-${CONFIGURATION}-output-files.xcfilelist",
			);
			runOnlyForDeploymentPostprocessing = 0;
			shellPath = /bin/sh;
			shellScript = "\"${PODS_ROOT}/Target Support Files/Pods-Flash Chart/Pods-Flash Chart-frameworks.sh\"\n";
			showEnvVarsInLog = 0;
		};
/* End PBXShellScriptBuildPhase section */

/* Begin PBXSourcesBuildPhase section */
		3252ECD02718400600917538 /* Sources */ = {
			isa = PBXSourcesBuildPhase;
			buildActionMask = 2147483647;
			files = (
				3252ECEF271844B700917538 /* WelcomeViewController.swift in Sources */,
				3252ECD82718400600917538 /* AppDelegate.swift in Sources */,
				3252ECF52718458B00917538 /* ChatViewController.swift in Sources */,
				327E475027190855001195BD /* MessageModel.swift in Sources */,
				3252ECDA2718400600917538 /* SceneDelegate.swift in Sources */,
				32B1A0F42718983400B21714 /* K.swift in Sources */,
				3252ECF32718457C00917538 /* LoginViewController.swift in Sources */,
				3252ECF12718456F00917538 /* RegisterViewController.swift in Sources */,
				327E475327191DB7001195BD /* MessageCell.swift in Sources */,
			);
			runOnlyForDeploymentPostprocessing = 0;
		};
/* End PBXSourcesBuildPhase section */

/* Begin PBXVariantGroup section */
		3252ECDD2718400600917538 /* Main.storyboard */ = {
			isa = PBXVariantGroup;
			children = (
				3252ECDE2718400600917538 /* Base */,
			);
			name = Main.storyboard;
			sourceTree = "<group>";
		};
		3252ECE22718400700917538 /* LaunchScreen.storyboard */ = {
			isa = PBXVariantGroup;
			children = (
				3252ECE32718400700917538 /* Base */,
			);
			name = LaunchScreen.storyboard;
			sourceTree = "<group>";
		};
/* End PBXVariantGroup section */

/* Begin XCBuildConfiguration section */
		3252ECE62718400700917538 /* Debug */ = {
			isa = XCBuildConfiguration;
			buildSettings = {
				ALWAYS_SEARCH_USER_PATHS = NO;
				CLANG_ANALYZER_NONNULL = YES;
				CLANG_ANALYZER_NUMBER_OBJECT_CONVERSION = YES_AGGRESSIVE;
				CLANG_CXX_LANGUAGE_STANDARD = "gnu++14";
				CLANG_CXX_LIBRARY = "libc++";
				CLANG_ENABLE_MODULES = YES;
				CLANG_ENABLE_OBJC_ARC = YES;
				CLANG_ENABLE_OBJC_WEAK = YES;
				CLANG_WARN_BLOCK_CAPTURE_AUTORELEASING = YES;
				CLANG_WARN_BOOL_CONVERSION = YES;
				CLANG_WARN_COMMA = YES;
				CLANG_WARN_CONSTANT_CONVERSION = YES;
				CLANG_WARN_DEPRECATED_OBJC_IMPLEMENTATIONS = YES;
				CLANG_WARN_DIRECT_OBJC_ISA_USAGE = YES_ERROR;
				CLANG_WARN_DOCUMENTATION_COMMENTS = YES;
				CLANG_WARN_EMPTY_BODY = YES;
				CLANG_WARN_ENUM_CONVERSION = YES;
				CLANG_WARN_INFINITE_RECURSION = YES;
				CLANG_WARN_INT_CONVERSION = YES;
				CLANG_WARN_NON_LITERAL_NULL_CONVERSION = YES;
				CLANG_WARN_OBJC_IMPLICIT_RETAIN_SELF = YES;
				CLANG_WARN_OBJC_LITERAL_CONVERSION = YES;
				CLANG_WARN_OBJC_ROOT_CLASS = YES_ERROR;
				CLANG_WARN_QUOTED_INCLUDE_IN_FRAMEWORK_HEADER = YES;
				CLANG_WARN_RANGE_LOOP_ANALYSIS = YES;
				CLANG_WARN_STRICT_PROTOTYPES = YES;
				CLANG_WARN_SUSPICIOUS_MOVE = YES;
				CLANG_WARN_UNGUARDED_AVAILABILITY = YES_AGGRESSIVE;
				CLANG_WARN_UNREACHABLE_CODE = YES;
				CLANG_WARN__DUPLICATE_METHOD_MATCH = YES;
				COPY_PHASE_STRIP = NO;
				DEBUG_INFORMATION_FORMAT = dwarf;
				ENABLE_STRICT_OBJC_MSGSEND = YES;
				ENABLE_TESTABILITY = YES;
				GCC_C_LANGUAGE_STANDARD = gnu11;
				GCC_DYNAMIC_NO_PIC = NO;
				GCC_NO_COMMON_BLOCKS = YES;
				GCC_OPTIMIZATION_LEVEL = 0;
				GCC_PREPROCESSOR_DEFINITIONS = (
					"DEBUG=1",
					"$(inherited)",
				);
				GCC_WARN_64_TO_32_BIT_CONVERSION = YES;
				GCC_WARN_ABOUT_RETURN_TYPE = YES_ERROR;
				GCC_WARN_UNDECLARED_SELECTOR = YES;
				GCC_WARN_UNINITIALIZED_AUTOS = YES_AGGRESSIVE;
				GCC_WARN_UNUSED_FUNCTION = YES;
				GCC_WARN_UNUSED_VARIABLE = YES;
				IPHONEOS_DEPLOYMENT_TARGET = 14.5;
				MTL_ENABLE_DEBUG_INFO = INCLUDE_SOURCE;
				MTL_FAST_MATH = YES;
				ONLY_ACTIVE_ARCH = YES;
				SDKROOT = iphoneos;
				SWIFT_ACTIVE_COMPILATION_CONDITIONS = DEBUG;
				SWIFT_OPTIMIZATION_LEVEL = "-Onone";
			};
			name = Debug;
		};
		3252ECE72718400700917538 /* Release */ = {
			isa = XCBuildConfiguration;
			buildSettings = {
				ALWAYS_SEARCH_USER_PATHS = NO;
				CLANG_ANALYZER_NONNULL = YES;
				CLANG_ANALYZER_NUMBER_OBJECT_CONVERSION = YES_AGGRESSIVE;
				CLANG_CXX_LANGUAGE_STANDARD = "gnu++14";
				CLANG_CXX_LIBRARY = "libc++";
				CLANG_ENABLE_MODULES = YES;
				CLANG_ENABLE_OBJC_ARC = YES;
				CLANG_ENABLE_OBJC_WEAK = YES;
				CLANG_WARN_BLOCK_CAPTURE_AUTORELEASING = YES;
				CLANG_WARN_BOOL_CONVERSION = YES;
				CLANG_WARN_COMMA = YES;
				CLANG_WARN_CONSTANT_CONVERSION = YES;
				CLANG_WARN_DEPRECATED_OBJC_IMPLEMENTATIONS = YES;
				CLANG_WARN_DIRECT_OBJC_ISA_USAGE = YES_ERROR;
				CLANG_WARN_DOCUMENTATION_COMMENTS = YES;
				CLANG_WARN_EMPTY_BODY = YES;
				CLANG_WARN_ENUM_CONVERSION = YES;
				CLANG_WARN_INFINITE_RECURSION = YES;
				CLANG_WARN_INT_CONVERSION = YES;
				CLANG_WARN_NON_LITERAL_NULL_CONVERSION = YES;
				CLANG_WARN_OBJC_IMPLICIT_RETAIN_SELF = YES;
				CLANG_WARN_OBJC_LITERAL_CONVERSION = YES;
				CLANG_WARN_OBJC_ROOT_CLASS = YES_ERROR;
				CLANG_WARN_QUOTED_INCLUDE_IN_FRAMEWORK_HEADER = YES;
				CLANG_WARN_RANGE_LOOP_ANALYSIS = YES;
				CLANG_WARN_STRICT_PROTOTYPES = YES;
				CLANG_WARN_SUSPICIOUS_MOVE = YES;
				CLANG_WARN_UNGUARDED_AVAILABILITY = YES_AGGRESSIVE;
				CLANG_WARN_UNREACHABLE_CODE = YES;
				CLANG_WARN__DUPLICATE_METHOD_MATCH = YES;
				COPY_PHASE_STRIP = NO;
				DEBUG_INFORMATION_FORMAT = "dwarf-with-dsym";
				ENABLE_NS_ASSERTIONS = NO;
				ENABLE_STRICT_OBJC_MSGSEND = YES;
				GCC_C_LANGUAGE_STANDARD = gnu11;
				GCC_NO_COMMON_BLOCKS = YES;
				GCC_WARN_64_TO_32_BIT_CONVERSION = YES;
				GCC_WARN_ABOUT_RETURN_TYPE = YES_ERROR;
				GCC_WARN_UNDECLARED_SELECTOR = YES;
				GCC_WARN_UNINITIALIZED_AUTOS = YES_AGGRESSIVE;
				GCC_WARN_UNUSED_FUNCTION = YES;
				GCC_WARN_UNUSED_VARIABLE = YES;
				IPHONEOS_DEPLOYMENT_TARGET = 14.5;
				MTL_ENABLE_DEBUG_INFO = NO;
				MTL_FAST_MATH = YES;
				SDKROOT = iphoneos;
				SWIFT_COMPILATION_MODE = wholemodule;
				SWIFT_OPTIMIZATION_LEVEL = "-O";
				VALIDATE_PRODUCT = YES;
			};
			name = Release;
		};
		3252ECE92718400700917538 /* Debug */ = {
			isa = XCBuildConfiguration;
			baseConfigurationReference = 747BE171FC6498AAD105CB22 /* Pods-Flash Chart.debug.xcconfig */;
			buildSettings = {
				ASSETCATALOG_COMPILER_APPICON_NAME = AppIcon;
				ASSETCATALOG_COMPILER_GLOBAL_ACCENT_COLOR_NAME = AccentColor;
				CODE_SIGN_STYLE = Automatic;
				DEVELOPMENT_TEAM = 327ASVKD5T;
				INFOPLIST_FILE = "Flash Chart/Info.plist";
				LD_RUNPATH_SEARCH_PATHS = (
					"$(inherited)",
					"@executable_path/Frameworks",
				);
				PRODUCT_BUNDLE_IDENTIFIER = "com.3idiot.Flash-Chart";
				PRODUCT_NAME = "$(TARGET_NAME)";
				SWIFT_VERSION = 5.0;
				TARGETED_DEVICE_FAMILY = "1,2";
			};
			name = Debug;
		};
		3252ECEA2718400700917538 /* Release */ = {
			isa = XCBuildConfiguration;
			baseConfigurationReference = 86631140FE7A20926259DD8B /* Pods-Flash Chart.release.xcconfig */;
			buildSettings = {
				ASSETCATALOG_COMPILER_APPICON_NAME = AppIcon;
				ASSETCATALOG_COMPILER_GLOBAL_ACCENT_COLOR_NAME = AccentColor;
				CODE_SIGN_STYLE = Automatic;
				DEVELOPMENT_TEAM = 327ASVKD5T;
				INFOPLIST_FILE = "Flash Chart/Info.plist";
				LD_RUNPATH_SEARCH_PATHS = (
					"$(inherited)",
					"@executable_path/Frameworks",
				);
				PRODUCT_BUNDLE_IDENTIFIER = "com.3idiot.Flash-Chart";
				PRODUCT_NAME = "$(TARGET_NAME)";
				SWIFT_VERSION = 5.0;
				TARGETED_DEVICE_FAMILY = "1,2";
			};
			name = Release;
		};
/* End XCBuildConfiguration section */

/* Begin XCConfigurationList section */
		3252ECCF2718400600917538 /* Build configuration list for PBXProject "Flash Chart" */ = {
			isa = XCConfigurationList;
			buildConfigurations = (
				3252ECE62718400700917538 /* Debug */,
				3252ECE72718400700917538 /* Release */,
			);
			defaultConfigurationIsVisible = 0;
			defaultConfigurationName = Release;
		};
		3252ECE82718400700917538 /* Build configuration list for PBXNativeTarget "Flash Chart" */ = {
			isa = XCConfigurationList;
			buildConfigurations = (
				3252ECE92718400700917538 /* Debug */,
				3252ECEA2718400700917538 /* Release */,
			);
			defaultConfigurationIsVisible = 0;
			defaultConfigurationName = Release;
		};
/* End XCConfigurationList section */
	};
	rootObject = 3252ECCC2718400600917538 /* Project object */;
}
