// !$*UTF8*$!
{
	archiveVersion = 1;
	classes = {
	};
	objectVersion = 50;
	objects = {

/* Begin PBXBuildFile section */
		324E736B271C02A800B437ED /* H4XORApp.swift in Sources */ = {isa = PBXBuildFile; fileRef = 324E736A271C02A800B437ED /* H4XORApp.swift */; };
		324E736D271C02A800B437ED /* ContentView.swift in Sources */ = {isa = PBXBuildFile; fileRef = 324E736C271C02A800B437ED /* ContentView.swift */; };
		324E736F271C02A900B437ED /* Assets.xcassets in Resources */ = {isa = PBXBuildFile; fileRef = 324E736E271C02A900B437ED /* Assets.xcassets */; };
		324E7372271C02A900B437ED /* Preview Assets.xcassets in Resources */ = {isa = PBXBuildFile; fileRef = 324E7371271C02A900B437ED /* Preview Assets.xcassets */; };
		324E737E271C30B600B437ED /* PostData.swift in Sources */ = {isa = PBXBuildFile; fileRef = 324E737D271C30B600B437ED /* PostData.swift */; };
		324E7380271C311C00B437ED /* DataManager.swift in Sources */ = {isa = PBXBuildFile; fileRef = 324E737F271C311C00B437ED /* DataManager.swift */; };
		324E7383271C3D0D00B437ED /* DetailView.swift in Sources */ = {isa = PBXBuildFile; fileRef = 324E7382271C3D0D00B437ED /* DetailView.swift */; };
		324E7385271C551F00B437ED /* WebView.swift in Sources */ = {isa = PBXBuildFile; fileRef = 324E7384271C551F00B437ED /* WebView.swift */; };
/* End PBXBuildFile section */

/* Begin PBXFileReference section */
		324E7367271C02A800B437ED /* H4XOR.app */ = {isa = PBXFileReference; explicitFileType = wrapper.application; includeInIndex = 0; path = H4XOR.app; sourceTree = BUILT_PRODUCTS_DIR; };
		324E736A271C02A800B437ED /* H4XORApp.swift */ = {isa = PBXFileReference; lastKnownFileType = sourcecode.swift; path = H4XORApp.swift; sourceTree = "<group>"; };
		324E736C271C02A800B437ED /* ContentView.swift */ = {isa = PBXFileReference; lastKnownFileType = sourcecode.swift; path = ContentView.swift; sourceTree = "<group>"; };
		324E736E271C02A900B437ED /* Assets.xcassets */ = {isa = PBXFileReference; lastKnownFileType = folder.assetcatalog; path = Assets.xcassets; sourceTree = "<group>"; };
		324E7371271C02A900B437ED /* Preview Assets.xcassets */ = {isa = PBXFileReference; lastKnownFileType = folder.assetcatalog; path = "Preview Assets.xcassets"; sourceTree = "<group>"; };
		324E7373271C02A900B437ED /* Info.plist */ = {isa = PBXFileReference; lastKnownFileType = text.plist.xml; path = Info.plist; sourceTree = "<group>"; };
		324E737D271C30B600B437ED /* PostData.swift */ = {isa = PBXFileReference; lastKnownFileType = sourcecode.swift; path = PostData.swift; sourceTree = "<group>"; };
		324E737F271C311C00B437ED /* DataManager.swift */ = {isa = PBXFileReference; lastKnownFileType = sourcecode.swift; path = DataManager.swift; sourceTree = "<group>"; };
		324E7382271C3D0D00B437ED /* DetailView.swift */ = {isa = PBXFileReference; lastKnownFileType = sourcecode.swift; path = DetailView.swift; sourceTree = "<group>"; };
		324E7384271C551F00B437ED /* WebView.swift */ = {isa = PBXFileReference; lastKnownFileType = sourcecode.swift; path = WebView.swift; sourceTree = "<group>"; };
/* End PBXFileReference section */

/* Begin PBXFrameworksBuildPhase section */
		324E7364271C02A800B437ED /* Frameworks */ = {
			isa = PBXFrameworksBuildPhase;
			buildActionMask = 2147483647;
			files = (
			);
			runOnlyForDeploymentPostprocessing = 0;
		};
/* End PBXFrameworksBuildPhase section */

/* Begin PBXGroup section */
		324E735E271C02A800B437ED = {
			isa = PBXGroup;
			children = (
				324E7369271C02A800B437ED /* H4XOR */,
				324E7368271C02A800B437ED /* Products */,
			);
			sourceTree = "<group>";
		};
		324E7368271C02A800B437ED /* Products */ = {
			isa = PBXGroup;
			children = (
				324E7367271C02A800B437ED /* H4XOR.app */,
			);
			name = Products;
			sourceTree = "<group>";
		};
		324E7369271C02A800B437ED /* H4XOR */ = {
			isa = PBXGroup;
			children = (
				324E7379271C190E00B437ED /* Models */,
				324E736A271C02A800B437ED /* H4XORApp.swift */,
				324E7381271C3CEC00B437ED /* Views */,
				324E736E271C02A900B437ED /* Assets.xcassets */,
				324E7373271C02A900B437ED /* Info.plist */,
				324E7370271C02A900B437ED /* Preview Content */,
			);
			path = H4XOR;
			sourceTree = "<group>";
		};
		324E7370271C02A900B437ED /* Preview Content */ = {
			isa = PBXGroup;
			children = (
				324E7371271C02A900B437ED /* Preview Assets.xcassets */,
			);
			path = "Preview Content";
			sourceTree = "<group>";
		};
		324E7379271C190E00B437ED /* Models */ = {
			isa = PBXGroup;
			children = (
				324E737F271C311C00B437ED /* DataManager.swift */,
				324E737D271C30B600B437ED /* PostData.swift */,
			);
			path = Models;
			sourceTree = "<group>";
		};
		324E7381271C3CEC00B437ED /* Views */ = {
			isa = PBXGroup;
			children = (
				324E736C271C02A800B437ED /* ContentView.swift */,
				324E7382271C3D0D00B437ED /* DetailView.swift */,
				324E7384271C551F00B437ED /* WebView.swift */,
			);
			path = Views;
			sourceTree = "<group>";
		};
/* End PBXGroup section */

/* Begin PBXNativeTarget section */
		324E7366271C02A800B437ED /* H4XOR */ = {
			isa = PBXNativeTarget;
			buildConfigurationList = 324E7376271C02A900B437ED /* Build configuration list for PBXNativeTarget "H4XOR" */;
			buildPhases = (
				324E7363271C02A800B437ED /* Sources */,
				324E7364271C02A800B437ED /* Frameworks */,
				324E7365271C02A800B437ED /* Resources */,
			);
			buildRules = (
			);
			dependencies = (
			);
			name = H4XOR;
			productName = H4XOR;
			productReference = 324E7367271C02A800B437ED /* H4XOR.app */;
			productType = "com.apple.product-type.application";
		};
/* End PBXNativeTarget section */

/* Begin PBXProject section */
		324E735F271C02A800B437ED /* Project object */ = {
			isa = PBXProject;
			attributes = {
				LastSwiftUpdateCheck = 1250;
				LastUpgradeCheck = 1250;
				TargetAttributes = {
					324E7366271C02A800B437ED = {
						CreatedOnToolsVersion = 12.5;
					};
				};
			};
			buildConfigurationList = 324E7362271C02A800B437ED /* Build configuration list for PBXProject "H4XOR" */;
			compatibilityVersion = "Xcode 9.3";
			developmentRegion = en;
			hasScannedForEncodings = 0;
			knownRegions = (
				en,
				Base,
			);
			mainGroup = 324E735E271C02A800B437ED;
			productRefGroup = 324E7368271C02A800B437ED /* Products */;
			projectDirPath = "";
			projectRoot = "";
			targets = (
				324E7366271C02A800B437ED /* H4XOR */,
			);
		};
/* End PBXProject section */

/* Begin PBXResourcesBuildPhase section */
		324E7365271C02A800B437ED /* Resources */ = {
			isa = PBXResourcesBuildPhase;
			buildActionMask = 2147483647;
			files = (
				324E7372271C02A900B437ED /* Preview Assets.xcassets in Resources */,
				324E736F271C02A900B437ED /* Assets.xcassets in Resources */,
			);
			runOnlyForDeploymentPostprocessing = 0;
		};
/* End PBXResourcesBuildPhase section */

/* Begin PBXSourcesBuildPhase section */
		324E7363271C02A800B437ED /* Sources */ = {
			isa = PBXSourcesBuildPhase;
			buildActionMask = 2147483647;
			files = (
				324E737E271C30B600B437ED /* PostData.swift in Sources */,
				324E7380271C311C00B437ED /* DataManager.swift in Sources */,
				324E736D271C02A800B437ED /* ContentView.swift in Sources */,
				324E7385271C551F00B437ED /* WebView.swift in Sources */,
				324E7383271C3D0D00B437ED /* DetailView.swift in Sources */,
				324E736B271C02A800B437ED /* H4XORApp.swift in Sources */,
			);
			runOnlyForDeploymentPostprocessing = 0;
		};
/* End PBXSourcesBuildPhase section */

/* Begin XCBuildConfiguration section */
		324E7374271C02A900B437ED /* Debug */ = {
			isa = XCBuildConfiguration;
			buildSettings = {
				ALWAYS_SEARCH_USER_PATHS = NO;
				CLANG_ANALYZER_NONNULL = YES;
				CLANG_ANALYZER_NUMBER_OBJECT_CONVERSION = YES_AGGRESSIVE;
				CLANG_CXX_LANGUAGE_STANDARD = "gnu++14";
				CLANG_CXX_LIBRARY = "libc++";
				CLANG_ENABLE_MODULES = YES;
				CLANG_ENABLE_OBJC_ARC = YES;
				CLANG_ENABLE_OBJC_WEAK = YES;
				CLANG_WARN_BLOCK_CAPTURE_AUTORELEASING = YES;
				CLANG_WARN_BOOL_CONVERSION = YES;
				CLANG_WARN_COMMA = YES;
				CLANG_WARN_CONSTANT_CONVERSION = YES;
				CLANG_WARN_DEPRECATED_OBJC_IMPLEMENTATIONS = YES;
				CLANG_WARN_DIRECT_OBJC_ISA_USAGE = YES_ERROR;
				CLANG_WARN_DOCUMENTATION_COMMENTS = YES;
				CLANG_WARN_EMPTY_BODY = YES;
				CLANG_WARN_ENUM_CONVERSION = YES;
				CLANG_WARN_INFINITE_RECURSION = YES;
				CLANG_WARN_INT_CONVERSION = YES;
				CLANG_WARN_NON_LITERAL_NULL_CONVERSION = YES;
				CLANG_WARN_OBJC_IMPLICIT_RETAIN_SELF = YES;
				CLANG_WARN_OBJC_LITERAL_CONVERSION = YES;
				CLANG_WARN_OBJC_ROOT_CLASS = YES_ERROR;
				CLANG_WARN_QUOTED_INCLUDE_IN_FRAMEWORK_HEADER = YES;
				CLANG_WARN_RANGE_LOOP_ANALYSIS = YES;
				CLANG_WARN_STRICT_PROTOTYPES = YES;
				CLANG_WARN_SUSPICIOUS_MOVE = YES;
				CLANG_WARN_UNGUARDED_AVAILABILITY = YES_AGGRESSIVE;
				CLANG_WARN_UNREACHABLE_CODE = YES;
				CLANG_WARN__DUPLICATE_METHOD_MATCH = YES;
				COPY_PHASE_STRIP = NO;
				DEBUG_INFORMATION_FORMAT = dwarf;
				ENABLE_STRICT_OBJC_MSGSEND = YES;
				ENABLE_TESTABILITY = YES;
				GCC_C_LANGUAGE_STANDARD = gnu11;
				GCC_DYNAMIC_NO_PIC = NO;
				GCC_NO_COMMON_BLOCKS = YES;
				GCC_OPTIMIZATION_LEVEL = 0;
				GCC_PREPROCESSOR_DEFINITIONS = (
					"DEBUG=1",
					"$(inherited)",
				);
				GCC_WARN_64_TO_32_BIT_CONVERSION = YES;
				GCC_WARN_ABOUT_RETURN_TYPE = YES_ERROR;
				GCC_WARN_UNDECLARED_SELECTOR = YES;
				GCC_WARN_UNINITIALIZED_AUTOS = YES_AGGRESSIVE;
				GCC_WARN_UNUSED_FUNCTION = YES;
				GCC_WARN_UNUSED_VARIABLE = YES;
				IPHONEOS_DEPLOYMENT_TARGET = 14.5;
				MTL_ENABLE_DEBUG_INFO = INCLUDE_SOURCE;
				MTL_FAST_MATH = YES;
				ONLY_ACTIVE_ARCH = YES;
				SDKROOT = iphoneos;
				SWIFT_ACTIVE_COMPILATION_CONDITIONS = DEBUG;
				SWIFT_OPTIMIZATION_LEVEL = "-Onone";
			};
			name = Debug;
		};
		324E7375271C02A900B437ED /* Release */ = {
			isa = XCBuildConfiguration;
			buildSettings = {
				ALWAYS_SEARCH_USER_PATHS = NO;
				CLANG_ANALYZER_NONNULL = YES;
				CLANG_ANALYZER_NUMBER_OBJECT_CONVERSION = YES_AGGRESSIVE;
				CLANG_CXX_LANGUAGE_STANDARD = "gnu++14";
				CLANG_CXX_LIBRARY = "libc++";
				CLANG_ENABLE_MODULES = YES;
				CLANG_ENABLE_OBJC_ARC = YES;
				CLANG_ENABLE_OBJC_WEAK = YES;
				CLANG_WARN_BLOCK_CAPTURE_AUTORELEASING = YES;
				CLANG_WARN_BOOL_CONVERSION = YES;
				CLANG_WARN_COMMA = YES;
				CLANG_WARN_CONSTANT_CONVERSION = YES;
				CLANG_WARN_DEPRECATED_OBJC_IMPLEMENTATIONS = YES;
				CLANG_WARN_DIRECT_OBJC_ISA_USAGE = YES_ERROR;
				CLANG_WARN_DOCUMENTATION_COMMENTS = YES;
				CLANG_WARN_EMPTY_BODY = YES;
				CLANG_WARN_ENUM_CONVERSION = YES;
				CLANG_WARN_INFINITE_RECURSION = YES;
				CLANG_WARN_INT_CONVERSION = YES;
				CLANG_WARN_NON_LITERAL_NULL_CONVERSION = YES;
				CLANG_WARN_OBJC_IMPLICIT_RETAIN_SELF = YES;
				CLANG_WARN_OBJC_LITERAL_CONVERSION = YES;
				CLANG_WARN_OBJC_ROOT_CLASS = YES_ERROR;
				CLANG_WARN_QUOTED_INCLUDE_IN_FRAMEWORK_HEADER = YES;
				CLANG_WARN_RANGE_LOOP_ANALYSIS = YES;
				CLANG_WARN_STRICT_PROTOTYPES = YES;
				CLANG_WARN_SUSPICIOUS_MOVE = YES;
				CLANG_WARN_UNGUARDED_AVAILABILITY = YES_AGGRESSIVE;
				CLANG_WARN_UNREACHABLE_CODE = YES;
				CLANG_WARN__DUPLICATE_METHOD_MATCH = YES;
				COPY_PHASE_STRIP = NO;
				DEBUG_INFORMATION_FORMAT = "dwarf-with-dsym";
				ENABLE_NS_ASSERTIONS = NO;
				ENABLE_STRICT_OBJC_MSGSEND = YES;
				GCC_C_LANGUAGE_STANDARD = gnu11;
				GCC_NO_COMMON_BLOCKS = YES;
				GCC_WARN_64_TO_32_BIT_CONVERSION = YES;
				GCC_WARN_ABOUT_RETURN_TYPE = YES_ERROR;
				GCC_WARN_UNDECLARED_SELECTOR = YES;
				GCC_WARN_UNINITIALIZED_AUTOS = YES_AGGRESSIVE;
				GCC_WARN_UNUSED_FUNCTION = YES;
				GCC_WARN_UNUSED_VARIABLE = YES;
				IPHONEOS_DEPLOYMENT_TARGET = 14.5;
				MTL_ENABLE_DEBUG_INFO = NO;
				MTL_FAST_MATH = YES;
				SDKROOT = iphoneos;
				SWIFT_COMPILATION_MODE = wholemodule;
				SWIFT_OPTIMIZATION_LEVEL = "-O";
				VALIDATE_PRODUCT = YES;
			};
			name = Release;
		};
		324E7377271C02A900B437ED /* Debug */ = {
			isa = XCBuildConfiguration;
			buildSettings = {
				ASSETCATALOG_COMPILER_APPICON_NAME = AppIcon;
				ASSETCATALOG_COMPILER_GLOBAL_ACCENT_COLOR_NAME = AccentColor;
				CODE_SIGN_STYLE = Automatic;
				DEVELOPMENT_ASSET_PATHS = "\"H4XOR/Preview Content\"";
				DEVELOPMENT_TEAM = 327ASVKD5T;
				ENABLE_PREVIEWS = YES;
				INFOPLIST_FILE = H4XOR/Info.plist;
				IPHONEOS_DEPLOYMENT_TARGET = 14.0;
				LD_RUNPATH_SEARCH_PATHS = (
					"$(inherited)",
					"@executable_path/Frameworks",
				);
				PRODUCT_BUNDLE_IDENTIFIER = com.3idiot.H4XOR;
				PRODUCT_NAME = "$(TARGET_NAME)";
				SWIFT_VERSION = 5.0;
				TARGETED_DEVICE_FAMILY = "1,2";
			};
			name = Debug;
		};
		324E7378271C02A900B437ED /* Release */ = {
			isa = XCBuildConfiguration;
			buildSettings = {
				ASSETCATALOG_COMPILER_APPICON_NAME = AppIcon;
				ASSETCATALOG_COMPILER_GLOBAL_ACCENT_COLOR_NAME = AccentColor;
				CODE_SIGN_STYLE = Automatic;
				DEVELOPMENT_ASSET_PATHS = "\"H4XOR/Preview Content\"";
				DEVELOPMENT_TEAM = 327ASVKD5T;
				ENABLE_PREVIEWS = YES;
				INFOPLIST_FILE = H4XOR/Info.plist;
				IPHONEOS_DEPLOYMENT_TARGET = 14.0;
				LD_RUNPATH_SEARCH_PATHS = (
					"$(inherited)",
					"@executable_path/Frameworks",
				);
				PRODUCT_BUNDLE_IDENTIFIER = com.3idiot.H4XOR;
				PRODUCT_NAME = "$(TARGET_NAME)";
				SWIFT_VERSION = 5.0;
				TARGETED_DEVICE_FAMILY = "1,2";
			};
			name = Release;
		};
/* End XCBuildConfiguration section */

/* Begin XCConfigurationList section */
		324E7362271C02A800B437ED /* Build configuration list for PBXProject "H4XOR" */ = {
			isa = XCConfigurationList;
			buildConfigurations = (
				324E7374271C02A900B437ED /* Debug */,
				324E7375271C02A900B437ED /* Release */,
			);
			defaultConfigurationIsVisible = 0;
			defaultConfigurationName = Release;
		};
		324E7376271C02A900B437ED /* Build configuration list for PBXNativeTarget "H4XOR" */ = {
			isa = XCConfigurationList;
			buildConfigurations = (
				324E7377271C02A900B437ED /* Debug */,
				324E7378271C02A900B437ED /* Release */,
			);
			defaultConfigurationIsVisible = 0;
			defaultConfigurationName = Release;
		};
/* End XCConfigurationList section */
	};
	rootObject = 324E735F271C02A800B437ED /* Project object */;
}
