// !$*UTF8*$!
{
	archiveVersion = 1;
	classes = {
	};
	objectVersion = 50;
	objects = {

/* Begin PBXBuildFile section */
		3280B84F2713EFE700B2410E /* AppDelegate.swift in Sources */ = {isa = PBXBuildFile; fileRef = 3280B84E2713EFE700B2410E /* AppDelegate.swift */; };
		3280B8512713EFE700B2410E /* SceneDelegate.swift in Sources */ = {isa = PBXBuildFile; fileRef = 3280B8502713EFE700B2410E /* SceneDelegate.swift */; };
		3280B8532713EFE700B2410E /* ViewController.swift in Sources */ = {isa = PBXBuildFile; fileRef = 3280B8522713EFE700B2410E /* ViewController.swift */; };
		3280B8582713EFEA00B2410E /* Assets.xcassets in Resources */ = {isa = PBXBuildFile; fileRef = 3280B8572713EFEA00B2410E /* Assets.xcassets */; };
		3280B85B2713EFEA00B2410E /* LaunchScreen.storyboard in Resources */ = {isa = PBXBuildFile; fileRef = 3280B8592713EFEA00B2410E /* LaunchScreen.storyboard */; };
		3280B8662713F11100B2410E /* Main.storyboard in Resources */ = {isa = PBXBuildFile; fileRef = 3280B8652713F11100B2410E /* Main.storyboard */; };
		3280B8682713F34000B2410E /* BMI.swift in Sources */ = {isa = PBXBuildFile; fileRef = 3280B8672713F34000B2410E /* BMI.swift */; };
		3280B86A2713F35200B2410E /* CalculatorBrain.swift in Sources */ = {isa = PBXBuildFile; fileRef = 3280B8692713F35200B2410E /* CalculatorBrain.swift */; };
		3280B86C2713F43E00B2410E /* ResultCalculatorViewController.swift in Sources */ = {isa = PBXBuildFile; fileRef = 3280B86B2713F43E00B2410E /* ResultCalculatorViewController.swift */; };
/* End PBXBuildFile section */

/* Begin PBXFileReference section */
		3280B84B2713EFE700B2410E /* BMI.app */ = {isa = PBXFileReference; explicitFileType = wrapper.application; includeInIndex = 0; path = BMI.app; sourceTree = BUILT_PRODUCTS_DIR; };
		3280B84E2713EFE700B2410E /* AppDelegate.swift */ = {isa = PBXFileReference; lastKnownFileType = sourcecode.swift; path = AppDelegate.swift; sourceTree = "<group>"; };
		3280B8502713EFE700B2410E /* SceneDelegate.swift */ = {isa = PBXFileReference; lastKnownFileType = sourcecode.swift; path = SceneDelegate.swift; sourceTree = "<group>"; };
		3280B8522713EFE700B2410E /* ViewController.swift */ = {isa = PBXFileReference; lastKnownFileType = sourcecode.swift; path = ViewController.swift; sourceTree = "<group>"; };
		3280B8572713EFEA00B2410E /* Assets.xcassets */ = {isa = PBXFileReference; lastKnownFileType = folder.assetcatalog; path = Assets.xcassets; sourceTree = "<group>"; };
		3280B85A2713EFEA00B2410E /* Base */ = {isa = PBXFileReference; lastKnownFileType = file.storyboard; name = Base; path = Base.lproj/LaunchScreen.storyboard; sourceTree = "<group>"; };
		3280B85C2713EFEA00B2410E /* Info.plist */ = {isa = PBXFileReference; lastKnownFileType = text.plist.xml; path = Info.plist; sourceTree = "<group>"; };
		3280B8652713F11100B2410E /* Main.storyboard */ = {isa = PBXFileReference; fileEncoding = 4; lastKnownFileType = file.storyboard; path = Main.storyboard; sourceTree = "<group>"; };
		3280B8672713F34000B2410E /* BMI.swift */ = {isa = PBXFileReference; lastKnownFileType = sourcecode.swift; path = BMI.swift; sourceTree = "<group>"; };
		3280B8692713F35200B2410E /* CalculatorBrain.swift */ = {isa = PBXFileReference; lastKnownFileType = sourcecode.swift; path = CalculatorBrain.swift; sourceTree = "<group>"; };
		3280B86B2713F43E00B2410E /* ResultCalculatorViewController.swift */ = {isa = PBXFileReference; lastKnownFileType = sourcecode.swift; path = ResultCalculatorViewController.swift; sourceTree = "<group>"; };
/* End PBXFileReference section */

/* Begin PBXFrameworksBuildPhase section */
		3280B8482713EFE700B2410E /* Frameworks */ = {
			isa = PBXFrameworksBuildPhase;
			buildActionMask = 2147483647;
			files = (
			);
			runOnlyForDeploymentPostprocessing = 0;
		};
/* End PBXFrameworksBuildPhase section */

/* Begin PBXGroup section */
		3280B8422713EFE700B2410E = {
			isa = PBXGroup;
			children = (
				3280B84D2713EFE700B2410E /* BMI */,
				3280B84C2713EFE700B2410E /* Products */,
			);
			sourceTree = "<group>";
		};
		3280B84C2713EFE700B2410E /* Products */ = {
			isa = PBXGroup;
			children = (
				3280B84B2713EFE700B2410E /* BMI.app */,
			);
			name = Products;
			sourceTree = "<group>";
		};
		3280B84D2713EFE700B2410E /* BMI */ = {
			isa = PBXGroup;
			children = (
				3280B8642713F0CE00B2410E /* Models */,
				3280B8632713F0C800B2410E /* Views */,
				3280B8622713F0C000B2410E /* Controllers */,
				3280B84E2713EFE700B2410E /* AppDelegate.swift */,
				3280B8502713EFE700B2410E /* SceneDelegate.swift */,
				3280B8572713EFEA00B2410E /* Assets.xcassets */,
				3280B8592713EFEA00B2410E /* LaunchScreen.storyboard */,
				3280B85C2713EFEA00B2410E /* Info.plist */,
			);
			path = BMI;
			sourceTree = "<group>";
		};
		3280B8622713F0C000B2410E /* Controllers */ = {
			isa = PBXGroup;
			children = (
				3280B8522713EFE700B2410E /* ViewController.swift */,
				3280B86B2713F43E00B2410E /* ResultCalculatorViewController.swift */,
			);
			path = Controllers;
			sourceTree = "<group>";
		};
		3280B8632713F0C800B2410E /* Views */ = {
			isa = PBXGroup;
			children = (
				3280B8652713F11100B2410E /* Main.storyboard */,
			);
			path = Views;
			sourceTree = "<group>";
		};
		3280B8642713F0CE00B2410E /* Models */ = {
			isa = PBXGroup;
			children = (
				3280B8672713F34000B2410E /* BMI.swift */,
				3280B8692713F35200B2410E /* CalculatorBrain.swift */,
			);
			path = Models;
			sourceTree = "<group>";
		};
/* End PBXGroup section */

/* Begin PBXNativeTarget section */
		3280B84A2713EFE700B2410E /* BMI */ = {
			isa = PBXNativeTarget;
			buildConfigurationList = 3280B85F2713EFEA00B2410E /* Build configuration list for PBXNativeTarget "BMI" */;
			buildPhases = (
				3280B8472713EFE700B2410E /* Sources */,
				3280B8482713EFE700B2410E /* Frameworks */,
				3280B8492713EFE700B2410E /* Resources */,
			);
			buildRules = (
			);
			dependencies = (
			);
			name = BMI;
			productName = BMI;
			productReference = 3280B84B2713EFE700B2410E /* BMI.app */;
			productType = "com.apple.product-type.application";
		};
/* End PBXNativeTarget section */

/* Begin PBXProject section */
		3280B8432713EFE700B2410E /* Project object */ = {
			isa = PBXProject;
			attributes = {
				LastSwiftUpdateCheck = 1250;
				LastUpgradeCheck = 1250;
				TargetAttributes = {
					3280B84A2713EFE700B2410E = {
						CreatedOnToolsVersion = 12.5;
					};
				};
			};
			buildConfigurationList = 3280B8462713EFE700B2410E /* Build configuration list for PBXProject "BMI" */;
			compatibilityVersion = "Xcode 9.3";
			developmentRegion = en;
			hasScannedForEncodings = 0;
			knownRegions = (
				en,
				Base,
			);
			mainGroup = 3280B8422713EFE700B2410E;
			productRefGroup = 3280B84C2713EFE700B2410E /* Products */;
			projectDirPath = "";
			projectRoot = "";
			targets = (
				3280B84A2713EFE700B2410E /* BMI */,
			);
		};
/* End PBXProject section */

/* Begin PBXResourcesBuildPhase section */
		3280B8492713EFE700B2410E /* Resources */ = {
			isa = PBXResourcesBuildPhase;
			buildActionMask = 2147483647;
			files = (
				3280B8662713F11100B2410E /* Main.storyboard in Resources */,
				3280B85B2713EFEA00B2410E /* LaunchScreen.storyboard in Resources */,
				3280B8582713EFEA00B2410E /* Assets.xcassets in Resources */,
			);
			runOnlyForDeploymentPostprocessing = 0;
		};
/* End PBXResourcesBuildPhase section */

/* Begin PBXSourcesBuildPhase section */
		3280B8472713EFE700B2410E /* Sources */ = {
			isa = PBXSourcesBuildPhase;
			buildActionMask = 2147483647;
			files = (
				3280B8682713F34000B2410E /* BMI.swift in Sources */,
				3280B8532713EFE700B2410E /* ViewController.swift in Sources */,
				3280B84F2713EFE700B2410E /* AppDelegate.swift in Sources */,
				3280B86C2713F43E00B2410E /* ResultCalculatorViewController.swift in Sources */,
				3280B86A2713F35200B2410E /* CalculatorBrain.swift in Sources */,
				3280B8512713EFE700B2410E /* SceneDelegate.swift in Sources */,
			);
			runOnlyForDeploymentPostprocessing = 0;
		};
/* End PBXSourcesBuildPhase section */

/* Begin PBXVariantGroup section */
		3280B8592713EFEA00B2410E /* LaunchScreen.storyboard */ = {
			isa = PBXVariantGroup;
			children = (
				3280B85A2713EFEA00B2410E /* Base */,
			);
			name = LaunchScreen.storyboard;
			sourceTree = "<group>";
		};
/* End PBXVariantGroup section */

/* Begin XCBuildConfiguration section */
		3280B85D2713EFEA00B2410E /* Debug */ = {
			isa = XCBuildConfiguration;
			buildSettings = {
				ALWAYS_SEARCH_USER_PATHS = NO;
				CLANG_ANALYZER_NONNULL = YES;
				CLANG_ANALYZER_NUMBER_OBJECT_CONVERSION = YES_AGGRESSIVE;
				CLANG_CXX_LANGUAGE_STANDARD = "gnu++14";
				CLANG_CXX_LIBRARY = "libc++";
				CLANG_ENABLE_MODULES = YES;
				CLANG_ENABLE_OBJC_ARC = YES;
				CLANG_ENABLE_OBJC_WEAK = YES;
				CLANG_WARN_BLOCK_CAPTURE_AUTORELEASING = YES;
				CLANG_WARN_BOOL_CONVERSION = YES;
				CLANG_WARN_COMMA = YES;
				CLANG_WARN_CONSTANT_CONVERSION = YES;
				CLANG_WARN_DEPRECATED_OBJC_IMPLEMENTATIONS = YES;
				CLANG_WARN_DIRECT_OBJC_ISA_USAGE = YES_ERROR;
				CLANG_WARN_DOCUMENTATION_COMMENTS = YES;
				CLANG_WARN_EMPTY_BODY = YES;
				CLANG_WARN_ENUM_CONVERSION = YES;
				CLANG_WARN_INFINITE_RECURSION = YES;
				CLANG_WARN_INT_CONVERSION = YES;
				CLANG_WARN_NON_LITERAL_NULL_CONVERSION = YES;
				CLANG_WARN_OBJC_IMPLICIT_RETAIN_SELF = YES;
				CLANG_WARN_OBJC_LITERAL_CONVERSION = YES;
				CLANG_WARN_OBJC_ROOT_CLASS = YES_ERROR;
				CLANG_WARN_QUOTED_INCLUDE_IN_FRAMEWORK_HEADER = YES;
				CLANG_WARN_RANGE_LOOP_ANALYSIS = YES;
				CLANG_WARN_STRICT_PROTOTYPES = YES;
				CLANG_WARN_SUSPICIOUS_MOVE = YES;
				CLANG_WARN_UNGUARDED_AVAILABILITY = YES_AGGRESSIVE;
				CLANG_WARN_UNREACHABLE_CODE = YES;
				CLANG_WARN__DUPLICATE_METHOD_MATCH = YES;
				COPY_PHASE_STRIP = NO;
				DEBUG_INFORMATION_FORMAT = dwarf;
				ENABLE_STRICT_OBJC_MSGSEND = YES;
				ENABLE_TESTABILITY = YES;
				GCC_C_LANGUAGE_STANDARD = gnu11;
				GCC_DYNAMIC_NO_PIC = NO;
				GCC_NO_COMMON_BLOCKS = YES;
				GCC_OPTIMIZATION_LEVEL = 0;
				GCC_PREPROCESSOR_DEFINITIONS = (
					"DEBUG=1",
					"$(inherited)",
				);
				GCC_WARN_64_TO_32_BIT_CONVERSION = YES;
				GCC_WARN_ABOUT_RETURN_TYPE = YES_ERROR;
				GCC_WARN_UNDECLARED_SELECTOR = YES;
				GCC_WARN_UNINITIALIZED_AUTOS = YES_AGGRESSIVE;
				GCC_WARN_UNUSED_FUNCTION = YES;
				GCC_WARN_UNUSED_VARIABLE = YES;
				IPHONEOS_DEPLOYMENT_TARGET = 14.5;
				MTL_ENABLE_DEBUG_INFO = INCLUDE_SOURCE;
				MTL_FAST_MATH = YES;
				ONLY_ACTIVE_ARCH = YES;
				SDKROOT = iphoneos;
				SWIFT_ACTIVE_COMPILATION_CONDITIONS = DEBUG;
				SWIFT_OPTIMIZATION_LEVEL = "-Onone";
			};
			name = Debug;
		};
		3280B85E2713EFEA00B2410E /* Release */ = {
			isa = XCBuildConfiguration;
			buildSettings = {
				ALWAYS_SEARCH_USER_PATHS = NO;
				CLANG_ANALYZER_NONNULL = YES;
				CLANG_ANALYZER_NUMBER_OBJECT_CONVERSION = YES_AGGRESSIVE;
				CLANG_CXX_LANGUAGE_STANDARD = "gnu++14";
				CLANG_CXX_LIBRARY = "libc++";
				CLANG_ENABLE_MODULES = YES;
				CLANG_ENABLE_OBJC_ARC = YES;
				CLANG_ENABLE_OBJC_WEAK = YES;
				CLANG_WARN_BLOCK_CAPTURE_AUTORELEASING = YES;
				CLANG_WARN_BOOL_CONVERSION = YES;
				CLANG_WARN_COMMA = YES;
				CLANG_WARN_CONSTANT_CONVERSION = YES;
				CLANG_WARN_DEPRECATED_OBJC_IMPLEMENTATIONS = YES;
				CLANG_WARN_DIRECT_OBJC_ISA_USAGE = YES_ERROR;
				CLANG_WARN_DOCUMENTATION_COMMENTS = YES;
				CLANG_WARN_EMPTY_BODY = YES;
				CLANG_WARN_ENUM_CONVERSION = YES;
				CLANG_WARN_INFINITE_RECURSION = YES;
				CLANG_WARN_INT_CONVERSION = YES;
				CLANG_WARN_NON_LITERAL_NULL_CONVERSION = YES;
				CLANG_WARN_OBJC_IMPLICIT_RETAIN_SELF = YES;
				CLANG_WARN_OBJC_LITERAL_CONVERSION = YES;
				CLANG_WARN_OBJC_ROOT_CLASS = YES_ERROR;
				CLANG_WARN_QUOTED_INCLUDE_IN_FRAMEWORK_HEADER = YES;
				CLANG_WARN_RANGE_LOOP_ANALYSIS = YES;
				CLANG_WARN_STRICT_PROTOTYPES = YES;
				CLANG_WARN_SUSPICIOUS_MOVE = YES;
				CLANG_WARN_UNGUARDED_AVAILABILITY = YES_AGGRESSIVE;
				CLANG_WARN_UNREACHABLE_CODE = YES;
				CLANG_WARN__DUPLICATE_METHOD_MATCH = YES;
				COPY_PHASE_STRIP = NO;
				DEBUG_INFORMATION_FORMAT = "dwarf-with-dsym";
				ENABLE_NS_ASSERTIONS = NO;
				ENABLE_STRICT_OBJC_MSGSEND = YES;
				GCC_C_LANGUAGE_STANDARD = gnu11;
				GCC_NO_COMMON_BLOCKS = YES;
				GCC_WARN_64_TO_32_BIT_CONVERSION = YES;
				GCC_WARN_ABOUT_RETURN_TYPE = YES_ERROR;
				GCC_WARN_UNDECLARED_SELECTOR = YES;
				GCC_WARN_UNINITIALIZED_AUTOS = YES_AGGRESSIVE;
				GCC_WARN_UNUSED_FUNCTION = YES;
				GCC_WARN_UNUSED_VARIABLE = YES;
				IPHONEOS_DEPLOYMENT_TARGET = 14.5;
				MTL_ENABLE_DEBUG_INFO = NO;
				MTL_FAST_MATH = YES;
				SDKROOT = iphoneos;
				SWIFT_COMPILATION_MODE = wholemodule;
				SWIFT_OPTIMIZATION_LEVEL = "-O";
				VALIDATE_PRODUCT = YES;
			};
			name = Release;
		};
		3280B8602713EFEA00B2410E /* Debug */ = {
			isa = XCBuildConfiguration;
			buildSettings = {
				ASSETCATALOG_COMPILER_APPICON_NAME = AppIcon;
				ASSETCATALOG_COMPILER_GLOBAL_ACCENT_COLOR_NAME = AccentColor;
				CODE_SIGN_STYLE = Automatic;
				DEVELOPMENT_TEAM = 327ASVKD5T;
				INFOPLIST_FILE = BMI/Info.plist;
				LD_RUNPATH_SEARCH_PATHS = (
					"$(inherited)",
					"@executable_path/Frameworks",
				);
				PRODUCT_BUNDLE_IDENTIFIER = com.3idiot.BMI;
				PRODUCT_NAME = "$(TARGET_NAME)";
				SWIFT_VERSION = 5.0;
				TARGETED_DEVICE_FAMILY = "1,2";
			};
			name = Debug;
		};
		3280B8612713EFEA00B2410E /* Release */ = {
			isa = XCBuildConfiguration;
			buildSettings = {
				ASSETCATALOG_COMPILER_APPICON_NAME = AppIcon;
				ASSETCATALOG_COMPILER_GLOBAL_ACCENT_COLOR_NAME = AccentColor;
				CODE_SIGN_STYLE = Automatic;
				DEVELOPMENT_TEAM = 327ASVKD5T;
				INFOPLIST_FILE = BMI/Info.plist;
				LD_RUNPATH_SEARCH_PATHS = (
					"$(inherited)",
					"@executable_path/Frameworks",
				);
				PRODUCT_BUNDLE_IDENTIFIER = com.3idiot.BMI;
				PRODUCT_NAME = "$(TARGET_NAME)";
				SWIFT_VERSION = 5.0;
				TARGETED_DEVICE_FAMILY = "1,2";
			};
			name = Release;
		};
/* End XCBuildConfiguration section */

/* Begin XCConfigurationList section */
		3280B8462713EFE700B2410E /* Build configuration list for PBXProject "BMI" */ = {
			isa = XCConfigurationList;
			buildConfigurations = (
				3280B85D2713EFEA00B2410E /* Debug */,
				3280B85E2713EFEA00B2410E /* Release */,
			);
			defaultConfigurationIsVisible = 0;
			defaultConfigurationName = Release;
		};
		3280B85F2713EFEA00B2410E /* Build configuration list for PBXNativeTarget "BMI" */ = {
			isa = XCConfigurationList;
			buildConfigurations = (
				3280B8602713EFEA00B2410E /* Debug */,
				3280B8612713EFEA00B2410E /* Release */,
			);
			defaultConfigurationIsVisible = 0;
			defaultConfigurationName = Release;
		};
/* End XCConfigurationList section */
	};
	rootObject = 3280B8432713EFE700B2410E /* Project object */;
}
