// !$*UTF8*$!
{
	archiveVersion = 1;
	classes = {
	};
	objectVersion = 50;
	objects = {

/* Begin PBXBuildFile section */
		322BD02E2716D9A6007C104D /* AppDelegate.swift in Sources */ = {isa = PBXBuildFile; fileRef = 322BD02D2716D9A6007C104D /* AppDelegate.swift */; };
		322BD0302716D9A6007C104D /* SceneDelegate.swift in Sources */ = {isa = PBXBuildFile; fileRef = 322BD02F2716D9A6007C104D /* SceneDelegate.swift */; };
		322BD0322716D9A6007C104D /* WeatherViewController.swift in Sources */ = {isa = PBXBuildFile; fileRef = 322BD0312716D9A6007C104D /* WeatherViewController.swift */; };
		322BD0352716D9A6007C104D /* Main.storyboard in Resources */ = {isa = PBXBuildFile; fileRef = 322BD0332716D9A6007C104D /* Main.storyboard */; };
		322BD0372716D9A7007C104D /* Assets.xcassets in Resources */ = {isa = PBXBuildFile; fileRef = 322BD0362716D9A7007C104D /* Assets.xcassets */; };
		322BD03A2716D9A7007C104D /* LaunchScreen.storyboard in Resources */ = {isa = PBXBuildFile; fileRef = 322BD0382716D9A7007C104D /* LaunchScreen.storyboard */; };
		322BD04927170161007C104D /* WeatherManager.swift in Sources */ = {isa = PBXBuildFile; fileRef = 322BD04827170161007C104D /* WeatherManager.swift */; };
		322BD04B27171051007C104D /* WeatherData.swift in Sources */ = {isa = PBXBuildFile; fileRef = 322BD04A27171051007C104D /* WeatherData.swift */; };
		322BD04D27171539007C104D /* WeatherModel.swift in Sources */ = {isa = PBXBuildFile; fileRef = 322BD04C27171539007C104D /* WeatherModel.swift */; };
/* End PBXBuildFile section */

/* Begin PBXFileReference section */
		322BD02A2716D9A6007C104D /* Clima.app */ = {isa = PBXFileReference; explicitFileType = wrapper.application; includeInIndex = 0; path = Clima.app; sourceTree = BUILT_PRODUCTS_DIR; };
		322BD02D2716D9A6007C104D /* AppDelegate.swift */ = {isa = PBXFileReference; lastKnownFileType = sourcecode.swift; path = AppDelegate.swift; sourceTree = "<group>"; };
		322BD02F2716D9A6007C104D /* SceneDelegate.swift */ = {isa = PBXFileReference; lastKnownFileType = sourcecode.swift; path = SceneDelegate.swift; sourceTree = "<group>"; };
		322BD0312716D9A6007C104D /* WeatherViewController.swift */ = {isa = PBXFileReference; lastKnownFileType = sourcecode.swift; path = WeatherViewController.swift; sourceTree = "<group>"; };
		322BD0342716D9A6007C104D /* Base */ = {isa = PBXFileReference; lastKnownFileType = file.storyboard; name = Base; path = Base.lproj/Main.storyboard; sourceTree = "<group>"; };
		322BD0362716D9A7007C104D /* Assets.xcassets */ = {isa = PBXFileReference; lastKnownFileType = folder.assetcatalog; path = Assets.xcassets; sourceTree = "<group>"; };
		322BD0392716D9A7007C104D /* Base */ = {isa = PBXFileReference; lastKnownFileType = file.storyboard; name = Base; path = Base.lproj/LaunchScreen.storyboard; sourceTree = "<group>"; };
		322BD03B2716D9A7007C104D /* Info.plist */ = {isa = PBXFileReference; lastKnownFileType = text.plist.xml; path = Info.plist; sourceTree = "<group>"; };
		322BD04827170161007C104D /* WeatherManager.swift */ = {isa = PBXFileReference; lastKnownFileType = sourcecode.swift; path = WeatherManager.swift; sourceTree = "<group>"; };
		322BD04A27171051007C104D /* WeatherData.swift */ = {isa = PBXFileReference; lastKnownFileType = sourcecode.swift; path = WeatherData.swift; sourceTree = "<group>"; };
		322BD04C27171539007C104D /* WeatherModel.swift */ = {isa = PBXFileReference; lastKnownFileType = sourcecode.swift; path = WeatherModel.swift; sourceTree = "<group>"; };
/* End PBXFileReference section */

/* Begin PBXFrameworksBuildPhase section */
		322BD0272716D9A6007C104D /* Frameworks */ = {
			isa = PBXFrameworksBuildPhase;
			buildActionMask = 2147483647;
			files = (
			);
			runOnlyForDeploymentPostprocessing = 0;
		};
/* End PBXFrameworksBuildPhase section */

/* Begin PBXGroup section */
		322BD0212716D9A6007C104D = {
			isa = PBXGroup;
			children = (
				322BD02C2716D9A6007C104D /* Clima */,
				322BD02B2716D9A6007C104D /* Products */,
			);
			sourceTree = "<group>";
		};
		322BD02B2716D9A6007C104D /* Products */ = {
			isa = PBXGroup;
			children = (
				322BD02A2716D9A6007C104D /* Clima.app */,
			);
			name = Products;
			sourceTree = "<group>";
		};
		322BD02C2716D9A6007C104D /* Clima */ = {
			isa = PBXGroup;
			children = (
				322BD0472716F805007C104D /* Model */,
				322BD0462716F7FF007C104D /* View */,
				322BD0452716F7F8007C104D /* Controller */,
				322BD02D2716D9A6007C104D /* AppDelegate.swift */,
				322BD02F2716D9A6007C104D /* SceneDelegate.swift */,
				322BD0362716D9A7007C104D /* Assets.xcassets */,
				322BD0382716D9A7007C104D /* LaunchScreen.storyboard */,
				322BD03B2716D9A7007C104D /* Info.plist */,
			);
			path = Clima;
			sourceTree = "<group>";
		};
		322BD0452716F7F8007C104D /* Controller */ = {
			isa = PBXGroup;
			children = (
				322BD0312716D9A6007C104D /* WeatherViewController.swift */,
			);
			path = Controller;
			sourceTree = "<group>";
		};
		322BD0462716F7FF007C104D /* View */ = {
			isa = PBXGroup;
			children = (
				322BD0332716D9A6007C104D /* Main.storyboard */,
			);
			path = View;
			sourceTree = "<group>";
		};
		322BD0472716F805007C104D /* Model */ = {
			isa = PBXGroup;
			children = (
				322BD04827170161007C104D /* WeatherManager.swift */,
				322BD04A27171051007C104D /* WeatherData.swift */,
				322BD04C27171539007C104D /* WeatherModel.swift */,
			);
			path = Model;
			sourceTree = "<group>";
		};
/* End PBXGroup section */

/* Begin PBXNativeTarget section */
		322BD0292716D9A6007C104D /* Clima */ = {
			isa = PBXNativeTarget;
			buildConfigurationList = 322BD03E2716D9A7007C104D /* Build configuration list for PBXNativeTarget "Clima" */;
			buildPhases = (
				322BD0262716D9A6007C104D /* Sources */,
				322BD0272716D9A6007C104D /* Frameworks */,
				322BD0282716D9A6007C104D /* Resources */,
			);
			buildRules = (
			);
			dependencies = (
			);
			name = Clima;
			productName = Clima;
			productReference = 322BD02A2716D9A6007C104D /* Clima.app */;
			productType = "com.apple.product-type.application";
		};
/* End PBXNativeTarget section */

/* Begin PBXProject section */
		322BD0222716D9A6007C104D /* Project object */ = {
			isa = PBXProject;
			attributes = {
				LastSwiftUpdateCheck = 1250;
				LastUpgradeCheck = 1250;
				TargetAttributes = {
					322BD0292716D9A6007C104D = {
						CreatedOnToolsVersion = 12.5;
					};
				};
			};
			buildConfigurationList = 322BD0252716D9A6007C104D /* Build configuration list for PBXProject "Clima" */;
			compatibilityVersion = "Xcode 9.3";
			developmentRegion = en;
			hasScannedForEncodings = 0;
			knownRegions = (
				en,
				Base,
			);
			mainGroup = 322BD0212716D9A6007C104D;
			productRefGroup = 322BD02B2716D9A6007C104D /* Products */;
			projectDirPath = "";
			projectRoot = "";
			targets = (
				322BD0292716D9A6007C104D /* Clima */,
			);
		};
/* End PBXProject section */

/* Begin PBXResourcesBuildPhase section */
		322BD0282716D9A6007C104D /* Resources */ = {
			isa = PBXResourcesBuildPhase;
			buildActionMask = 2147483647;
			files = (
				322BD03A2716D9A7007C104D /* LaunchScreen.storyboard in Resources */,
				322BD0372716D9A7007C104D /* Assets.xcassets in Resources */,
				322BD0352716D9A6007C104D /* Main.storyboard in Resources */,
			);
			runOnlyForDeploymentPostprocessing = 0;
		};
/* End PBXResourcesBuildPhase section */

/* Begin PBXSourcesBuildPhase section */
		322BD0262716D9A6007C104D /* Sources */ = {
			isa = PBXSourcesBuildPhase;
			buildActionMask = 2147483647;
			files = (
				322BD0322716D9A6007C104D /* WeatherViewController.swift in Sources */,
				322BD04B27171051007C104D /* WeatherData.swift in Sources */,
				322BD02E2716D9A6007C104D /* AppDelegate.swift in Sources */,
				322BD04927170161007C104D /* WeatherManager.swift in Sources */,
				322BD04D27171539007C104D /* WeatherModel.swift in Sources */,
				322BD0302716D9A6007C104D /* SceneDelegate.swift in Sources */,
			);
			runOnlyForDeploymentPostprocessing = 0;
		};
/* End PBXSourcesBuildPhase section */

/* Begin PBXVariantGroup section */
		322BD0332716D9A6007C104D /* Main.storyboard */ = {
			isa = PBXVariantGroup;
			children = (
				322BD0342716D9A6007C104D /* Base */,
			);
			name = Main.storyboard;
			sourceTree = "<group>";
		};
		322BD0382716D9A7007C104D /* LaunchScreen.storyboard */ = {
			isa = PBXVariantGroup;
			children = (
				322BD0392716D9A7007C104D /* Base */,
			);
			name = LaunchScreen.storyboard;
			sourceTree = "<group>";
		};
/* End PBXVariantGroup section */

/* Begin XCBuildConfiguration section */
		322BD03C2716D9A7007C104D /* Debug */ = {
			isa = XCBuildConfiguration;
			buildSettings = {
				ALWAYS_SEARCH_USER_PATHS = NO;
				CLANG_ANALYZER_NONNULL = YES;
				CLANG_ANALYZER_NUMBER_OBJECT_CONVERSION = YES_AGGRESSIVE;
				CLANG_CXX_LANGUAGE_STANDARD = "gnu++14";
				CLANG_CXX_LIBRARY = "libc++";
				CLANG_ENABLE_MODULES = YES;
				CLANG_ENABLE_OBJC_ARC = YES;
				CLANG_ENABLE_OBJC_WEAK = YES;
				CLANG_WARN_BLOCK_CAPTURE_AUTORELEASING = YES;
				CLANG_WARN_BOOL_CONVERSION = YES;
				CLANG_WARN_COMMA = YES;
				CLANG_WARN_CONSTANT_CONVERSION = YES;
				CLANG_WARN_DEPRECATED_OBJC_IMPLEMENTATIONS = YES;
				CLANG_WARN_DIRECT_OBJC_ISA_USAGE = YES_ERROR;
				CLANG_WARN_DOCUMENTATION_COMMENTS = YES;
				CLANG_WARN_EMPTY_BODY = YES;
				CLANG_WARN_ENUM_CONVERSION = YES;
				CLANG_WARN_INFINITE_RECURSION = YES;
				CLANG_WARN_INT_CONVERSION = YES;
				CLANG_WARN_NON_LITERAL_NULL_CONVERSION = YES;
				CLANG_WARN_OBJC_IMPLICIT_RETAIN_SELF = YES;
				CLANG_WARN_OBJC_LITERAL_CONVERSION = YES;
				CLANG_WARN_OBJC_ROOT_CLASS = YES_ERROR;
				CLANG_WARN_QUOTED_INCLUDE_IN_FRAMEWORK_HEADER = YES;
				CLANG_WARN_RANGE_LOOP_ANALYSIS = YES;
				CLANG_WARN_STRICT_PROTOTYPES = YES;
				CLANG_WARN_SUSPICIOUS_MOVE = YES;
				CLANG_WARN_UNGUARDED_AVAILABILITY = YES_AGGRESSIVE;
				CLANG_WARN_UNREACHABLE_CODE = YES;
				CLANG_WARN__DUPLICATE_METHOD_MATCH = YES;
				COPY_PHASE_STRIP = NO;
				DEBUG_INFORMATION_FORMAT = dwarf;
				ENABLE_STRICT_OBJC_MSGSEND = YES;
				ENABLE_TESTABILITY = YES;
				GCC_C_LANGUAGE_STANDARD = gnu11;
				GCC_DYNAMIC_NO_PIC = NO;
				GCC_NO_COMMON_BLOCKS = YES;
				GCC_OPTIMIZATION_LEVEL = 0;
				GCC_PREPROCESSOR_DEFINITIONS = (
					"DEBUG=1",
					"$(inherited)",
				);
				GCC_WARN_64_TO_32_BIT_CONVERSION = YES;
				GCC_WARN_ABOUT_RETURN_TYPE = YES_ERROR;
				GCC_WARN_UNDECLARED_SELECTOR = YES;
				GCC_WARN_UNINITIALIZED_AUTOS = YES_AGGRESSIVE;
				GCC_WARN_UNUSED_FUNCTION = YES;
				GCC_WARN_UNUSED_VARIABLE = YES;
				IPHONEOS_DEPLOYMENT_TARGET = 14.5;
				MTL_ENABLE_DEBUG_INFO = INCLUDE_SOURCE;
				MTL_FAST_MATH = YES;
				ONLY_ACTIVE_ARCH = YES;
				SDKROOT = iphoneos;
				SWIFT_ACTIVE_COMPILATION_CONDITIONS = DEBUG;
				SWIFT_OPTIMIZATION_LEVEL = "-Onone";
			};
			name = Debug;
		};
		322BD03D2716D9A7007C104D /* Release */ = {
			isa = XCBuildConfiguration;
			buildSettings = {
				ALWAYS_SEARCH_USER_PATHS = NO;
				CLANG_ANALYZER_NONNULL = YES;
				CLANG_ANALYZER_NUMBER_OBJECT_CONVERSION = YES_AGGRESSIVE;
				CLANG_CXX_LANGUAGE_STANDARD = "gnu++14";
				CLANG_CXX_LIBRARY = "libc++";
				CLANG_ENABLE_MODULES = YES;
				CLANG_ENABLE_OBJC_ARC = YES;
				CLANG_ENABLE_OBJC_WEAK = YES;
				CLANG_WARN_BLOCK_CAPTURE_AUTORELEASING = YES;
				CLANG_WARN_BOOL_CONVERSION = YES;
				CLANG_WARN_COMMA = YES;
				CLANG_WARN_CONSTANT_CONVERSION = YES;
				CLANG_WARN_DEPRECATED_OBJC_IMPLEMENTATIONS = YES;
				CLANG_WARN_DIRECT_OBJC_ISA_USAGE = YES_ERROR;
				CLANG_WARN_DOCUMENTATION_COMMENTS = YES;
				CLANG_WARN_EMPTY_BODY = YES;
				CLANG_WARN_ENUM_CONVERSION = YES;
				CLANG_WARN_INFINITE_RECURSION = YES;
				CLANG_WARN_INT_CONVERSION = YES;
				CLANG_WARN_NON_LITERAL_NULL_CONVERSION = YES;
				CLANG_WARN_OBJC_IMPLICIT_RETAIN_SELF = YES;
				CLANG_WARN_OBJC_LITERAL_CONVERSION = YES;
				CLANG_WARN_OBJC_ROOT_CLASS = YES_ERROR;
				CLANG_WARN_QUOTED_INCLUDE_IN_FRAMEWORK_HEADER = YES;
				CLANG_WARN_RANGE_LOOP_ANALYSIS = YES;
				CLANG_WARN_STRICT_PROTOTYPES = YES;
				CLANG_WARN_SUSPICIOUS_MOVE = YES;
				CLANG_WARN_UNGUARDED_AVAILABILITY = YES_AGGRESSIVE;
				CLANG_WARN_UNREACHABLE_CODE = YES;
				CLANG_WARN__DUPLICATE_METHOD_MATCH = YES;
				COPY_PHASE_STRIP = NO;
				DEBUG_INFORMATION_FORMAT = "dwarf-with-dsym";
				ENABLE_NS_ASSERTIONS = NO;
				ENABLE_STRICT_OBJC_MSGSEND = YES;
				GCC_C_LANGUAGE_STANDARD = gnu11;
				GCC_NO_COMMON_BLOCKS = YES;
				GCC_WARN_64_TO_32_BIT_CONVERSION = YES;
				GCC_WARN_ABOUT_RETURN_TYPE = YES_ERROR;
				GCC_WARN_UNDECLARED_SELECTOR = YES;
				GCC_WARN_UNINITIALIZED_AUTOS = YES_AGGRESSIVE;
				GCC_WARN_UNUSED_FUNCTION = YES;
				GCC_WARN_UNUSED_VARIABLE = YES;
				IPHONEOS_DEPLOYMENT_TARGET = 14.5;
				MTL_ENABLE_DEBUG_INFO = NO;
				MTL_FAST_MATH = YES;
				SDKROOT = iphoneos;
				SWIFT_COMPILATION_MODE = wholemodule;
				SWIFT_OPTIMIZATION_LEVEL = "-O";
				VALIDATE_PRODUCT = YES;
			};
			name = Release;
		};
		322BD03F2716D9A7007C104D /* Debug */ = {
			isa = XCBuildConfiguration;
			buildSettings = {
				ASSETCATALOG_COMPILER_APPICON_NAME = AppIcon;
				ASSETCATALOG_COMPILER_GLOBAL_ACCENT_COLOR_NAME = AccentColor;
				CODE_SIGN_STYLE = Automatic;
				DEVELOPMENT_TEAM = 327ASVKD5T;
				INFOPLIST_FILE = Clima/Info.plist;
				LD_RUNPATH_SEARCH_PATHS = (
					"$(inherited)",
					"@executable_path/Frameworks",
				);
				PRODUCT_BUNDLE_IDENTIFIER = com.3idiot.Clima;
				PRODUCT_NAME = "$(TARGET_NAME)";
				SWIFT_VERSION = 5.0;
				TARGETED_DEVICE_FAMILY = "1,2";
			};
			name = Debug;
		};
		322BD0402716D9A7007C104D /* Release */ = {
			isa = XCBuildConfiguration;
			buildSettings = {
				ASSETCATALOG_COMPILER_APPICON_NAME = AppIcon;
				ASSETCATALOG_COMPILER_GLOBAL_ACCENT_COLOR_NAME = AccentColor;
				CODE_SIGN_STYLE = Automatic;
				DEVELOPMENT_TEAM = 327ASVKD5T;
				INFOPLIST_FILE = Clima/Info.plist;
				LD_RUNPATH_SEARCH_PATHS = (
					"$(inherited)",
					"@executable_path/Frameworks",
				);
				PRODUCT_BUNDLE_IDENTIFIER = com.3idiot.Clima;
				PRODUCT_NAME = "$(TARGET_NAME)";
				SWIFT_VERSION = 5.0;
				TARGETED_DEVICE_FAMILY = "1,2";
			};
			name = Release;
		};
/* End XCBuildConfiguration section */

/* Begin XCConfigurationList section */
		322BD0252716D9A6007C104D /* Build configuration list for PBXProject "Clima" */ = {
			isa = XCConfigurationList;
			buildConfigurations = (
				322BD03C2716D9A7007C104D /* Debug */,
				322BD03D2716D9A7007C104D /* Release */,
			);
			defaultConfigurationIsVisible = 0;
			defaultConfigurationName = Release;
		};
		322BD03E2716D9A7007C104D /* Build configuration list for PBXNativeTarget "Clima" */ = {
			isa = XCConfigurationList;
			buildConfigurations = (
				322BD03F2716D9A7007C104D /* Debug */,
				322BD0402716D9A7007C104D /* Release */,
			);
			defaultConfigurationIsVisible = 0;
			defaultConfigurationName = Release;
		};
/* End XCConfigurationList section */
	};
	rootObject = 322BD0222716D9A6007C104D /* Project object */;
}
